
Microsoft Visual Studio Solution File, Format Version 12.00
# Visual Studio Version 17
VisualStudioVersion = 17.3.32922.545
MinimumVisualStudioVersion = 10.0.40219.1
Project("{FAE04EC0-301F-11D3-BF4B-00C04F79EFBC}") = "ArraysEjercicios1", "ArraysEjercicios1\ArraysEjercicios1.csproj", "{51D5168A-B70C-4EEF-9498-04FD257C1626}"
EndProject
Global
	GlobalSection(SolutionConfigurationPlatforms) = preSolution
		Debug|Any CPU = Debug|Any CPU
		Release|Any CPU = Release|Any CPU
	EndGlobalSection
	GlobalSection(ProjectConfigurationPlatforms) = postSolution
		{51D5168A-B70C-4EEF-9498-04FD257C1626}.Debug|Any CPU.ActiveCfg = Debug|Any CPU
		{51D5168A-B70C-4EEF-9498-04FD257C1626}.Debug|Any CPU.Build.0 = Debug|Any CPU
		{51D5168A-B70C-4EEF-9498-04FD257C1626}.Release|Any CPU.ActiveCfg = Release|Any CPU
		{51D5168A-B70C-4EEF-9498-04FD257C1626}.Release|Any CPU.Build.0 = Release|Any CPU
	EndGlobalSection
	GlobalSection(SolutionProperties) = preSolution
		HideSolutionNode = FALSE
	EndGlobalSection
	GlobalSection(ExtensibilityGlobals) = postSolution
		SolutionGuid = {719142DD-17C9-4233-9C45-EA53A11E82B4}
	EndGlobalSection
EndGlobal
